%{"certifi": {:hex, :certifi, "0.4.0"},
  "hackney": {:hex, :hackney, "1.6.0"},
  "httpoison": {:hex, :httpoison, "0.8.3"},
  "idna": {:hex, :idna, "1.2.0"},
  "inflex": {:hex, :inflex, "1.0.0"},
  "metrics": {:hex, :metrics, "1.0.1"},
  "mimerl": {:hex, :mimerl, "1.0.2"},
  "oauth": {:git, "https://github.com/joshdholtz/erlang-oauth.git", "a7e56a71143aa7f551dff1b557a6c13e13eb97a8", [branch: "private-key-contents"]},
  "poison": {:hex, :poison, "1.5.2"},
  "slacker": {:hex, :slacker, "0.0.2"},
  "ssl_verify_fun": {:hex, :ssl_verify_fun, "1.1.0"},
  "websocket_client": {:git, "https://github.com/jeremyong/websocket_client.git", "f6892c8b55004008ce2d52be7d98b156f3e34569", []}}
